
Microsoft Visual Studio Solution File, Format Version 12.00
# Visual Studio Version 17
VisualStudioVersion = 17.6.33829.357
MinimumVisualStudioVersion = 10.0.40219.1
Project("{9A19103F-16F7-4668-BE54-9A1E7A4F7556}") = "ЗКИ", "лр2\ЗКИ.csproj", "{D979DB5D-9E0F-4CA6-B2D8-4358B534F2DE}"
EndProject
Global
	GlobalSection(SolutionConfigurationPlatforms) = preSolution
		Debug|Any CPU = Debug|Any CPU
		Release|Any CPU = Release|Any CPU
	EndGlobalSection
	GlobalSection(ProjectConfigurationPlatforms) = postSolution
		{D979DB5D-9E0F-4CA6-B2D8-4358B534F2DE}.Debug|Any CPU.ActiveCfg = Debug|Any CPU
		{D979DB5D-9E0F-4CA6-B2D8-4358B534F2DE}.Debug|Any CPU.Build.0 = Debug|Any CPU
		{D979DB5D-9E0F-4CA6-B2D8-4358B534F2DE}.Release|Any CPU.ActiveCfg = Release|Any CPU
		{D979DB5D-9E0F-4CA6-B2D8-4358B534F2DE}.Release|Any CPU.Build.0 = Release|Any CPU
	EndGlobalSection
	GlobalSection(SolutionProperties) = preSolution
		HideSolutionNode = FALSE
	EndGlobalSection
	GlobalSection(ExtensibilityGlobals) = postSolution
		SolutionGuid = {E8357FBA-9779-40B9-8B33-42481E66689B}
	EndGlobalSection
EndGlobal
